
Microsoft Visual Studio Solution File, Format Version 12.00
# Visual Studio Version 17
VisualStudioVersion = 17.13.35825.156 d17.13
MinimumVisualStudioVersion = 10.0.40219.1
Project("{FAE04EC0-301F-11D3-BF4B-00C04F79EFBC}") = "DLL_Unit-test_CI_CD", "DLL_Unit-test_CI_CD\DLL_Unit-test_CI_CD.csproj", "{BCF69347-787B-4451-A176-4F222060F59E}"
EndProject
Project("{FAE04EC0-301F-11D3-BF4B-00C04F79EFBC}") = "UnitTest_CI_CD", "UnitTest_CI_CD\UnitTest_CI_CD.csproj", "{F29A08D9-92FA-447D-85FA-3F90EC133963}"
EndProject
Global
	GlobalSection(SolutionConfigurationPlatforms) = preSolution
		Debug|Any CPU = Debug|Any CPU
		Release|Any CPU = Release|Any CPU
	EndGlobalSection
	GlobalSection(ProjectConfigurationPlatforms) = postSolution
		{BCF69347-787B-4451-A176-4F222060F59E}.Debug|Any CPU.ActiveCfg = Debug|Any CPU
		{BCF69347-787B-4451-A176-4F222060F59E}.Debug|Any CPU.Build.0 = Debug|Any CPU
		{BCF69347-787B-4451-A176-4F222060F59E}.Release|Any CPU.ActiveCfg = Release|Any CPU
		{BCF69347-787B-4451-A176-4F222060F59E}.Release|Any CPU.Build.0 = Release|Any CPU
		{F29A08D9-92FA-447D-85FA-3F90EC133963}.Debug|Any CPU.ActiveCfg = Debug|Any CPU
		{F29A08D9-92FA-447D-85FA-3F90EC133963}.Debug|Any CPU.Build.0 = Debug|Any CPU
		{F29A08D9-92FA-447D-85FA-3F90EC133963}.Release|Any CPU.ActiveCfg = Release|Any CPU
		{F29A08D9-92FA-447D-85FA-3F90EC133963}.Release|Any CPU.Build.0 = Release|Any CPU
	EndGlobalSection
	GlobalSection(SolutionProperties) = preSolution
		HideSolutionNode = FALSE
	EndGlobalSection
	GlobalSection(ExtensibilityGlobals) = postSolution
		SolutionGuid = {59F8A781-3A7D-42DB-A1AB-7661EAED3D80}
	EndGlobalSection
EndGlobal
